<Solution>
  <Folder Name="/Connectors/">
    <Project Path="ActivFinancial/ActivFinancial.csproj" />
	<Project Path="Aevo/Aevo.csproj" />
    <Project Path="AliceBlue/AliceBlue.csproj" />
    <Project Path="AlgoSeek/AlgoSeek.csproj" />
    <Project Path="Alor/Alor.csproj" />
    <Project Path="AlorHistory/AlorHistory.csproj" />
    <Project Path="Alpaca/Alpaca.csproj" />
    <Project Path="AlphaVantage/AlphaVantage.csproj" />
	<Project Path="AltCoinTrader/AltCoinTrader.csproj" />
    <Project Path="AngelOne/AngelOne.csproj" />
	<Project Path="AscendEx/AscendEx.csproj" />
    <Project Path="Aster/Aster.csproj" />
    <Project Path="BarChart/BarChart.csproj" />
    <Project Path="Bcs/Bcs.csproj" />
    <Project Path="Benzinga/Benzinga.csproj" />
    <Project Path="Bibox/Bibox.csproj" />
    <Project Path="Bigul/Bigul.csproj" />
    <Project Path="Binance/Binance.csproj" />
    <Project Path="BinanceHistory/BinanceHistory.csproj" />
    <Project Path="BingX/BingX.csproj" />
    <Project Path="Bitalong/Bitalong.csproj" />
	<Project Path="BigOne/BigOne.csproj" />
	<Project Path="Bit2Me/Bit2Me.csproj" />
	<Project Path="BitoPro/BitoPro.csproj" />
    <Project Path="Bitbank/Bitbank.csproj" />
    <Project Path="Bitexbook/Bitexbook.csproj" />
    <Project Path="Bitfinex/Bitfinex.csproj" />
    <Project Path="Bitget/Bitget.csproj" />
    <Project Path="Bithumb/Bithumb.csproj" />
    <Project Path="Bitmart/Bitmart.csproj" />
    <Project Path="Bitmex/Bitmex.csproj" />
    <Project Path="BitStamp/BitStamp.csproj" />
    <Project Path="Bittrex/Bittrex.csproj" />
	<Project Path="Bluefin/Bluefin.csproj" />
    <Project Path="Bloomberg/Bloomberg.csproj" />
    <Project Path="Bmll/Bmll.csproj" />
    <Project Path="Breeze/Breeze.csproj" />
    <Project Path="Btce/Btce.csproj" />
    <Project Path="ByBit/ByBit.csproj" />
    <Project Path="ByBitHistory/ByBitHistory.csproj" />
    <Project Path="CapitalCom/CapitalCom.csproj" />
    <Project Path="CapitalFutures/CapitalFutures.csproj" />
    <Project Path="CboeDataShop/CboeDataShop.csproj" />
    <Project Path="Cex/Cex.csproj" />
    <Project Path="ChoiceFinX/ChoiceFinX.csproj" />
    <Project Path="CQG/CQG.csproj" />
    <Project Path="Coinbase/Coinbase.csproj" />
    <Project Path="CoinCap/CoinCap.csproj" />
    <Project Path="Coincheck/Coincheck.csproj" />
    <Project Path="CoinEx/CoinEx.csproj" />
    <Project Path="Coinigy/Coinigy.csproj" />
    <Project Path="Comdirect/Comdirect.csproj" />
    <Project Path="CSV/CSV.csproj" />
    <Project Path="cTrader/cTrader.csproj" />
    <Project Path="CTP/Ctp.csproj" />
    <Project Path="Databento/Databento.csproj" />
    <Project Path="Daishin/Daishin.csproj" />
    <Project Path="Definedge/Definedge.csproj" />
    <Project Path="Deriv/Deriv.csproj" />
    <Project Path="Deribit/Deribit.csproj" />
    <Project Path="Dhan/Dhan.csproj" />
    <Project Path="Digifinex/Digifinex.csproj" />
    <Project Path="Directa/Directa.csproj" />
    <Project Path="DowJones/DowJones.csproj" />
    <Project Path="Drift/Drift.csproj" />
	<Project Path="DukasCopyJForex/DukasCopyJForex.csproj" />
    <Project Path="DydxChain/DydxChain.csproj" />
    <Project Path="DxFeed/DxFeed.csproj" />
    <Project Path="DXtrade/DXtrade.csproj" />
    <Project Path="EodHistoricalData/EodHistoricalData.csproj" />
    <Project Path="ETrade/ETrade.csproj" />
    <Project Path="Etoro/Etoro.csproj" />
    <Project Path="edgeX/EdgeX.csproj" />
    <Project Path="Exante/Exante.csproj" />
    <Project Path="Exegy/Exegy.csproj" />
    <Project Path="Exmo/Exmo.csproj" />
    <Project Path="FactSet/FactSet.csproj" />
	<Project Path="FinamTrade/FinamTrade.csproj" />
    <Project Path="FinancialModelingPrep/FinancialModelingPrep.csproj" />
    <Project Path="Finnhub/Finnhub.csproj" />
    <Project Path="FivePaisa/FivePaisa.csproj" />
    <Project Path="Firstock/Firstock.csproj" />
    <Project Path="Flattrade/Flattrade.csproj" />
    <Project Path="FubonNeo/FubonNeo.csproj" />
    <Project Path="Fugle/Fugle.csproj" />
    <Project Path="Fyers/Fyers.csproj" />
    <Project Path="FTX/FTX.csproj" />
    <Project Path="FXOpen/FXOpen.csproj" />
    <Project Path="Fxcm/Fxcm.csproj" />
    <Project Path="Gmx/Gmx.csproj" />
    <Project Path="GateIO/GateIO.csproj" />
    <Project Path="GateIOHistory/GateIOHistory.csproj" />
    <Project Path="Gopax/Gopax.csproj" />
    <Project Path="Groww/Groww.csproj" />
    <Project Path="HitBtc/HitBtc.csproj" />
    <Project Path="Huobi/Huobi.csproj" />
    <Project Path="Hyperliquid/Hyperliquid.csproj" />
    <Project Path="IG/IG.csproj" />
    <Project Path="Injective/Injective.csproj" />
    <Project Path="InteractiveBrokers/InteractiveBrokers.csproj" />
    <Project Path="Intrinio/Intrinio.csproj" />
    <Project Path="IQFeed/IQFeed.csproj" />
    <Project Path="JpmDataQuery/JpmDataQuery.csproj" />
    <Project Path="KabuStation/KabuStation.csproj" />
    <Project Path="KoreaInvestment/KoreaInvestment.csproj" />
    <Project Path="Kiwoom/Kiwoom.csproj" />
    <Project Path="KotakNeo/KotakNeo.csproj" />
    <Project Path="Kraken/Kraken.csproj" />
    <Project Path="Kucoin/Kucoin.csproj" />
    <Project Path="KucoinHistory/KucoinHistory.csproj" />
    <Project Path="Latoken/Latoken.csproj" />
    <Project Path="LBank/LBank.csproj" />
    <Project Path="LemonMarkets/LemonMarkets.csproj" />
    <Project Path="Ligther/Ligther.csproj" />
    <Project Path="Lime/Lime.csproj" />
    <Project Path="Longbridge/Longbridge.csproj" />
    <Project Path="LMAX/LMAX.csproj" />
    <Project Path="LsegRealTime/LsegRealTime.csproj" />
    <Project Path="LsSecurities/LsSecurities.csproj" />
    <Project Path="Marquee/Marquee.csproj" />
	<Project Path="MaxExchange/MaxExchange.csproj" />
    <Project Path="Marketstack/Marketstack.csproj" />
    <Project Path="Mastertrust/Mastertrust.csproj" />
    <Project Path="MatchTrader/MatchTrader.csproj" />
    <Project Path="MetaApi/MetaApi.csproj" />
    <Project Path="Mexc/Mexc.csproj" />
    <Project Path="MiraeSharekhan/MiraeSharekhan.csproj" />
    <Project Path="Morningstar/Morningstar.csproj" />
    <Project Path="MoexISS/MoexISS.csproj" />
    <Project Path="MoexLchi/MoexLchi.csproj" />
    <Project Path="Moomoo/Moomoo.csproj" />
    <Project Path="MotilalOswal/MotilalOswal.csproj" />
    <Project Path="MtNewswires/MtNewswires.csproj" />
    <Project Path="NasdaqCloudDataService/NasdaqCloudDataService.csproj" />
    <Project Path="NasdaqDataLink/NasdaqDataLink.csproj" />
    <Project Path="NinjaTrader/NinjaTrader.csproj" />
	<Project Path="NovaDax/NovaDax.csproj" />
    <Project Path="Oanda/Oanda.csproj" />
    <Project Path="OpenMarkets/OpenMarkets.csproj" />
    <Project Path="OptionMetrics/OptionMetrics.csproj" />
    <Project Path="Orats/Orats.csproj" />
    <Project Path="OrderlyNetwork/OrderlyNetwork.csproj" />
    <Project Path="Ostium/Ostium.csproj" />
    <Project Path="SynFutures/SynFutures.csproj" />
    <Project Path="Synthetix/Synthetix.csproj" />
    <Project Path="GainsNetwork/GainsNetwork.csproj" />
    <Project Path="Polymarket/Polymarket.csproj" />
    <Project Path="Kalshi/Kalshi.csproj" />
    <Project Path="Balancer/Balancer.csproj" />
    <Project Path="Fireblocks/Fireblocks.csproj" />
    <Project Path="Talos/Talos.csproj" />
    <Project Path="FalconX/FalconX.csproj" />
    <Project Path="ZeroHash/ZeroHash.csproj" />
    <Project Path="BitGo/BitGo.csproj" />
    <Project Path="Copper/Copper.csproj" />
    <Project Path="Anchorage/Anchorage.csproj" />
    <Project Path="Paxos/Paxos.csproj" />
    <Project Path="PaytmMoney/PaytmMoney.csproj" />
    <Project Path="CoinGecko/CoinGecko.csproj" />
    <Project Path="CoinMarketCap/CoinMarketCap.csproj" />
    <Project Path="Kaiko/Kaiko.csproj" />
    <Project Path="CoinApi/CoinApi.csproj" />
    <Project Path="Amberdata/Amberdata.csproj" />
    <Project Path="CoinMetrics/CoinMetrics.csproj" />
    <Project Path="Glassnode/Glassnode.csproj" />
    <Project Path="CryptoQuant/CryptoQuant.csproj" />
    <Project Path="Tardis/Tardis.csproj" />
    <Project Path="VeloData/VeloData.csproj" />
    <Project Path="Pyth/Pyth.csproj" />
    <Project Path="ChainlinkDataStreams/ChainlinkDataStreams.csproj" />
    <Project Path="Okex/Okex.csproj" />
    <Project Path="OkexHistory/OkexHistory.csproj" />
    <Project Path="Paradex/Paradex.csproj" />
    <Project Path="PhillipPoems/PhillipPoems.csproj" />
    <Project Path="Poloniex/Poloniex.csproj" />
    <Project Path="PolygonIO/PolygonIO.csproj" />
    <Project Path="PrizmBit/PrizmBit.csproj" />
    <Project Path="Public/Public.csproj" />
    <Project Path="Qmt/Qmt.csproj" />
    <Project Path="QuantFeed/QuantFeed.csproj" />
    <Project Path="Questrade/Questrade.csproj" />
	<Project Path="Quidax/Quidax.csproj" />
    <Project Path="Quodd/Quodd.csproj" />
    <Project Path="RakutenRss/RakutenRss.csproj" />
    <Project Path="RavenPack/RavenPack.csproj" />
    <Project Path="Reya/Reya.csproj" />
    <Project Path="Rithmic/Rithmic.csproj" />
    <Project Path="Robinhood/Robinhood.csproj" />
    <Project Path="Rss/Rss.csproj" />
    <Project Path="Rupeezy/Rupeezy.csproj" />
    <Project Path="Saxo/Saxo.csproj" />
    <Project Path="Schwab/Schwab.csproj" />
    <Project Path="Shioaji/Shioaji.csproj" />
    <Project Path="Shoonya/Shoonya.csproj" />
    <Project Path="SierraChartDtc/SierraChartDtc.csproj" />
    <Project Path="SnapTrade/SnapTrade.csproj" />
    <Project Path="SpGlobal/SpGlobal.csproj" />
    <Project Path="StocksTrader/StocksTrader.csproj" />
    <Project Path="Swissquote/Swissquote.csproj" />
    <Project Path="Tinkoff/Tinkoff.csproj" />
    <Project Path="TigerBrokers/TigerBrokers.csproj" />
    <Project Path="Tiingo/Tiingo.csproj" />
	<Project Path="Tokocrypto/Tokocrypto.csproj" />
    <Project Path="Toobit/Toobit.csproj" />
    <Project Path="CryptoCom/CryptoCom.csproj" />
    <Project Path="WhiteBit/WhiteBit.csproj" />
    <Project Path="Weex/Weex.csproj" />
    <Project Path="CoinW/CoinW.csproj" />
    <Project Path="Pionex/Pionex.csproj" />
    <Project Path="ProBit/ProBit.csproj" />
    <Project Path="Xt/Xt.csproj" />
    <Project Path="Phemex/Phemex.csproj" />
    <Project Path="Bullish/Bullish.csproj" />
    <Project Path="Ourbit/Ourbit.csproj" />
    <Project Path="Bitunix/Bitunix.csproj" />
    <Project Path="BloFin/BloFin.csproj" />
    <Project Path="Deepcoin/Deepcoin.csproj" />
    <Project Path="Bitrue/Bitrue.csproj" />
    <Project Path="WooX/WooX.csproj" />
    <Project Path="Backpack/Backpack.csproj" />
    <Project Path="BTSE/BTSE.csproj" />
    <Project Path="Bitvavo/Bitvavo.csproj" />
    <Project Path="Gemini/Gemini.csproj" />
    <Project Path="BitpandaFusion/BitpandaFusion.csproj" />
    <Project Path="HashKey/HashKey.csproj" />
    <Project Path="Bitso/Bitso.csproj" />
    <Project Path="Bitkub/Bitkub.csproj" />
    <Project Path="CoinDCX/CoinDCX.csproj" />
    <Project Path="CoinsPh/CoinsPh.csproj" />
    <Project Path="BitFlyer/BitFlyer.csproj" />
    <Project Path="Coinone/Coinone.csproj" />
	<Project Path="CoinTR/CoinTR.csproj" />
	<Project Path="CoinSwitch/CoinSwitch.csproj" />
	<Project Path="CoinCatch/CoinCatch.csproj" />
	<Project Path="Coinmetro/Coinmetro.csproj" />
	<Project Path="LCX/LCX.csproj" />
	<Project Path="WazirX/WazirX.csproj" />
	<Project Path="DeltaExchangeIndia/DeltaExchangeIndia.csproj" />
	<Project Path="Coincall/Coincall.csproj" />
	<Project Path="CoinPaprika/CoinPaprika.csproj" />
	<Project Path="CoinGlass/CoinGlass.csproj" />
	<Project Path="Coinalyze/Coinalyze.csproj" />
	<Project Path="DexScreener/DexScreener.csproj" />
	<Project Path="Birdeye/Birdeye.csproj" />
	<Project Path="ZeroX/ZeroX.csproj" />
	<Project Path="KyberSwap/KyberSwap.csproj" />
	<Project Path="Velora/Velora.csproj" />
	<Project Path="DeepBook/DeepBook.csproj" />
	<Project Path="Velodrome/Velodrome.csproj" />
	<Project Path="Pendle/Pendle.csproj" />
	<Project Path="Chainflip/Chainflip.csproj" />
	<Project Path="Dexalot/Dexalot.csproj" />
	<Project Path="CoinSpot/CoinSpot.csproj" />
	<Project Path="Coinstore/Coinstore.csproj" />
    <Project Path="GmoCoin/GmoCoin.csproj" />
    <Project Path="MercadoBitcoin/MercadoBitcoin.csproj" />
    <Project Path="VALR/VALR.csproj" />
    <Project Path="Luno/Luno.csproj" />
    <Project Path="IndependentReserve/IndependentReserve.csproj" />
    <Project Path="BTCMarkets/BTCMarkets.csproj" />
	<Project Path="BtcTurk/BtcTurk.csproj" />
	<Project Path="Buda/Buda.csproj" />
    <Project Path="CoinJar/CoinJar.csproj" />
    <Project Path="Korbit/Korbit.csproj" />
    <Project Path="PintuPro/PintuPro.csproj" />
    <Project Path="Indodax/Indodax.csproj" />
    <Project Path="Coinhako/Coinhako.csproj" />
    <Project Path="Foxbit/Foxbit.csproj" />
    <Project Path="Rain/Rain.csproj" />
    <Project Path="NDAX/NDAX.csproj" />
    <Project Path="OSL/OSL.csproj" />
    <Project Path="BYDFi/BYDFi.csproj" />
    <Project Path="Zoomex/Zoomex.csproj" />
    <Project Path="Tapbit/Tapbit.csproj" />
    <Project Path="Uniswap/Uniswap.csproj" />
    <Project Path="PancakeSwap/PancakeSwap.csproj" />
    <Project Path="PumpSwap/PumpSwap.csproj" />
    <Project Path="Aerodrome/Aerodrome.csproj" />
    <Project Path="Orca/Orca.csproj" />
    <Project Path="ManifestTrade/ManifestTrade.csproj" />
    <Project Path="Meteora/Meteora.csproj" />
    <Project Path="FluidDex/FluidDex.csproj" />
    <Project Path="Raydium/Raydium.csproj" />
    <Project Path="Curve/Curve.csproj" />
    <Project Path="Jupiter/Jupiter.csproj" />
    <Project Path="THORChain/THORChain.csproj" />
    <Project Path="SunIo/SunIo.csproj" />
    <Project Path="StonFi/StonFi.csproj" />
    <Project Path="Xrpl/Xrpl.csproj" />
    <Project Path="Settrade/Settrade.csproj" />
    <Project Path="SSI/SSI.csproj" />
    <Project Path="IIFL/IIFL.csproj" />
    <Project Path="MStock/MStock.csproj" />
    <Project Path="Samco/Samco.csproj" />
    <Project Path="JQuants/JQuants.csproj" />
    <Project Path="MarketDataApp/MarketDataApp.csproj" />
    <Project Path="SecEdgar/SecEdgar.csproj" />
    <Project Path="OpenFigi/OpenFigi.csproj" />
    <Project Path="SimFin/SimFin.csproj" />
    <Project Path="TraderMade/TraderMade.csproj" />
    <Project Path="Finage/Finage.csproj" />
    <Project Path="QuickSwap/QuickSwap.csproj" />
    <Project Path="Osmosis/Osmosis.csproj" />
    <Project Path="Cetus/Cetus.csproj" />
    <Project Path="Lfj/Lfj.csproj" />
    <Project Path="CowProtocol/CowProtocol.csproj" />
    <Project Path="OneInch/OneInch.csproj" />
    <Project Path="Grvt/Grvt.csproj" />
    <Project Path="ApexOmni/ApexOmni.csproj" />
    <Project Path="VariationalOmni/VariationalOmni.csproj" />
    <Project Path="StandX/StandX.csproj" />
    <Project Path="GMTrade/GMTrade.csproj" />
    <Project Path="QFEX/QFEX.csproj" />
    <Project Path="Pacifica/Pacifica.csproj" />
    <Project Path="Extended/Extended.csproj" />
    <Project Path="Nado/Nado.csproj" />
    <Project Path="Avantis/Avantis.csproj" />
    <Project Path="TastyTrade/TastyTrade.csproj" />
    <Project Path="ThetaData/ThetaData.csproj" />
    <Project Path="TradeOgre/TradeOgre.csproj" />
    <Project Path="Tradier/Tradier.csproj" />
    <Project Path="TradeStation/TradeStation.csproj" />
    <Project Path="TradeLocker/TradeLocker.csproj" />
    <Project Path="Tradernet/Tradernet.csproj" />
    <Project Path="Tradejini/Tradejini.csproj" />
    <Project Path="Trading212/Trading212.csproj" />
    <Project Path="Transaq/Transaq.csproj" />
    <Project Path="TradingTechnologies/TradingTechnologies.csproj" />
    <Project Path="Tradovate/Tradovate.csproj" />
    <Project Path="TradeZero/TradeZero.csproj" />
    <Project Path="TwelveData/TwelveData.csproj" />
    <Project Path="Upstox/Upstox.csproj" />
    <Project Path="Upbit/Upbit.csproj" />
    <Project Path="Usmart/Usmart.csproj" />
    <Project Path="Webull/Webull.csproj" />
    <Project Path="XOpenHub/XOpenHub.csproj" />
    <Project Path="Xtp/Xtp.csproj" />
    <Project Path="Yobit/Yobit.csproj" />
    <Project Path="Yuanta/Yuanta.csproj" />
    <Project Path="Zaif/Zaif.csproj" />
    <Project Path="ZB/ZB.csproj" />
    <Project Path="Zerodha/Zerodha.csproj" />
	<Project Path="ZondaCrypto/ZondaCrypto.csproj" />
    <Project Path="B3Up2Data/B3Up2Data.csproj" />
    <Project Path="Bavest/Bavest.csproj" />
    <Project Path="Dnse/Dnse.csproj" />
    <Project Path="Edinet/Edinet.csproj" />
    <Project Path="EsmaFirds/EsmaFirds.csproj" />
    <Project Path="EuronextWebServices/EuronextWebServices.csproj" />
    <Project Path="FinancialDatasets/FinancialDatasets.csproj" />
    <Project Path="Finra/Finra.csproj" />
    <Project Path="Gleif/Gleif.csproj" />
    <Project Path="GuruFocus/GuruFocus.csproj" />
    <Project Path="HdfcSecurities/HdfcSecurities.csproj" />
    <Project Path="InvertirOnline/InvertirOnline.csproj" />
    <Project Path="Jainam/Jainam.csproj" />
    <Project Path="JpxTdnet/JpxTdnet.csproj" />
    <Project Path="KoreanFsc/KoreanFsc.csproj" />
    <Project Path="KrxOpenApi/KrxOpenApi.csproj" />
    <Project Path="Marketaux/Marketaux.csproj" />
    <Project Path="MasterLink/MasterLink.csproj" />
    <Project Path="Nubra/Nubra.csproj" />
    <Project Path="Nuvama/Nuvama.csproj" />
    <Project Path="OpenDart/OpenDart.csproj" />
    <Project Path="Ppi/Ppi.csproj" />
    <Project Path="Primary/Primary.csproj" />
    <Project Path="QuiverQuant/QuiverQuant.csproj" />
    <Project Path="SecApi/SecApi.csproj" />
    <Project Path="SetMarketData/SetMarketData.csproj" />
    <Project Path="StockDataOrg/StockDataOrg.csproj" />
    <Project Path="TaseDataHub/TaseDataHub.csproj" />
    <Project Path="TossSecurities/TossSecurities.csproj" />
    <Project Path="Tpex/Tpex.csproj" />
    <Project Path="TradingEconomics/TradingEconomics.csproj" />
    <Project Path="Twse/Twse.csproj" />
    <Project Path="UnusualWhales/UnusualWhales.csproj" />
    <Project Path="Ventura/Ventura.csproj" />
    <Project Path="WisdomCapital/WisdomCapital.csproj" />
    <Project Path="XbrlFilings/XbrlFilings.csproj" />
    <Project Path="Zebu/Zebu.csproj" />
  </Folder>
  <Folder Name="/Shared/">
    <Project Path="Noren/Noren.csproj" />
  </Folder>
  <Folder Name="/Tests/">
    <Project Path="DemoTrading.Tests/DemoTrading.Tests.csproj" />
    <Project Path="Tests/Tests.csproj" />
  </Folder>
</Solution>
